{
    "_readme": [
        "This file locks the dependencies of your project to a known state",
        "Read more about it at https://getcomposer.org/doc/01-basic-usage.md#installing-dependencies",
        "This file is @generated automatically"
    ],
    "content-hash": "f64b2f29bc038fa3fbc9389c212e1fa9",
    "packages": [
        {
            "name": "inmarelibero/gitignore-checker",
            "version": "1.0.4",
            "source": {
                "type": "git",
                "url": "https://github.com/inmarelibero/gitignore-checker.git",
                "reference": "57cdaa05ceaadaabdb671162ad46e58a133ed9dd"
            },
            "dist": {
                "type": "zip",
                "url": "https://api.github.com/repos/inmarelibero/gitignore-checker/zipball/57cdaa05ceaadaabdb671162ad46e58a133ed9dd",
                "reference": "57cdaa05ceaadaabdb671162ad46e58a133ed9dd",
                "shasum": ""
            },
            "require": {
                "php": ">=7.1"
            },
            "require-dev": {
                "phpunit/phpunit": "^9.4"
            },
            "type": "library",
            "autoload": {
                "psr-4": {
                    "Inmarelibero\\GitIgnoreChecker\\": "src/"
                }
            },
            "notification-url": "https://packagist.org/downloads/",
            "license": [
                "MIT"
            ],
            "authors": [
                {
                    "name": "Emanuele Gaspari",
                    "email": "inmarelibero@gmail.com",
                    "role": "Developer"
                }
            ],
            "description": "A PHP library to check if a path is ignored by GIT",
            "keywords": [
                "git",
                "gitignore",
                "vcs"
            ],
            "support": {
                "issues": "https://github.com/inmarelibero/gitignore-checker/issues",
                "source": "https://github.com/inmarelibero/gitignore-checker/tree/1.0.4"
            },
            "time": "2024-05-03T16:17:41+00:00"
        },
        {
            "name": "wp-cli/dist-archive-command",
            "version": "v3.1.0",
            "source": {
                "type": "git",
                "url": "https://github.com/wp-cli/dist-archive-command.git",
                "reference": "e91730cddd4b0dc3eb46da588cabee9099ade356"
            },
            "dist": {
                "type": "zip",
                "url": "https://api.github.com/repos/wp-cli/dist-archive-command/zipball/e91730cddd4b0dc3eb46da588cabee9099ade356",
                "reference": "e91730cddd4b0dc3eb46da588cabee9099ade356",
                "shasum": ""
            },
            "require": {
                "inmarelibero/gitignore-checker": "^1.0.4",
                "php": ">=7.2",
                "wp-cli/wp-cli": "^2"
            },
            "require-dev": {
                "wp-cli/extension-command": "^2",
                "wp-cli/scaffold-command": "^2",
                "wp-cli/wp-cli-tests": "^5"
            },
            "type": "wp-cli-package",
            "extra": {
                "readme": {
                    "shields": [
                        "[![Testing](https://github.com/wp-cli/dist-archive-command/actions/workflows/testing.yml/badge.svg)](https://github.com/wp-cli/dist-archive-command/actions/workflows/testing.yml)"
                    ]
                },
                "commands": [
                    "dist-archive"
                ]
            },
            "autoload": {
                "files": [
                    "dist-archive-command.php"
                ],
                "classmap": [
                    "src/"
                ]
            },
            "notification-url": "https://packagist.org/downloads/",
            "license": [
                "MIT"
            ],
            "authors": [
                {
                    "name": "Daniel Bachhuber",
                    "email": "daniel@runcommand.io",
                    "homepage": "https://runcommand.io"
                }
            ],
            "description": "Create a distribution .zip or .tar.gz based on a plugin or theme's .distignore file.",
            "homepage": "https://github.com/wp-cli/dist-archive-command/",
            "support": {
                "issues": "https://github.com/wp-cli/dist-archive-command/issues",
                "source": "https://github.com/wp-cli/dist-archive-command/tree/v3.1.0"
            },
            "time": "2025-11-11T13:30:45+00:00"
        }
    ],
    "packages-dev": [],
    "aliases": [],
    "minimum-stability": "stable",
    "stability-flags": {},
    "prefer-stable": false,
    "prefer-lowest": false,
    "platform": {},
    "platform-dev": {},
    "plugin-api-version": "2.9.0"
}
